
Microsoft Visual Studio Solution File, Format Version 12.00
# Visual Studio 15
VisualStudioVersion = 15.0.28307.102
MinimumVisualStudioVersion = 10.0.40219.1
Project("{FAE04EC0-301F-11D3-BF4B-00C04F79EFBC}") = "CopyO2O", "CopyO2O\CopyO2O.csproj", "{0FDD3B39-C353-47B4-A57D-0DCCC6905652}"
EndProject
Global
	GlobalSection(SolutionConfigurationPlatforms) = preSolution
		Debug|Any CPU = Debug|Any CPU
		Release|Any CPU = Release|Any CPU
	EndGlobalSection
	GlobalSection(ProjectConfigurationPlatforms) = postSolution
		{0FDD3B39-C353-47B4-A57D-0DCCC6905652}.Debug|Any CPU.ActiveCfg = Debug|Any CPU
		{0FDD3B39-C353-47B4-A57D-0DCCC6905652}.Debug|Any CPU.Build.0 = Debug|Any CPU
		{0FDD3B39-C353-47B4-A57D-0DCCC6905652}.Release|Any CPU.ActiveCfg = Release|Any CPU
		{0FDD3B39-C353-47B4-A57D-0DCCC6905652}.Release|Any CPU.Build.0 = Release|Any CPU
	EndGlobalSection
	GlobalSection(SolutionProperties) = preSolution
		HideSolutionNode = FALSE
	EndGlobalSection
	GlobalSection(ExtensibilityGlobals) = postSolution
		SolutionGuid = {37B67FFE-7EF5-4600-8DCB-23FC865442CA}
	EndGlobalSection
EndGlobal
